
Microsoft Visual Studio Solution File, Format Version 12.00
# Visual Studio Version 17
VisualStudioVersion = 17.3.32819.101
MinimumVisualStudioVersion = 10.0.40219.1
Project("{FAE04EC0-301F-11D3-BF4B-00C04F79EFBC}") = "Proyecto Integrador", "Proyecto Integrador\Proyecto Integrador.csproj", "{77AF033A-8E3A-441A-B0E2-73705C1243A6}"
EndProject
Project("{FAE04EC0-301F-11D3-BF4B-00C04F79EFBC}") = "clases", "clases\clases.csproj", "{AB8070CB-6499-4358-B02C-C2C0542C7C81}"
EndProject
Project("{FAE04EC0-301F-11D3-BF4B-00C04F79EFBC}") = "DatoCallCenter", "DatoCallCenter\DatoCallCenter.csproj", "{6395FFDA-758A-420B-9870-C903182F94B7}"
EndProject
Global
	GlobalSection(SolutionConfigurationPlatforms) = preSolution
		Debug|Any CPU = Debug|Any CPU
		Release|Any CPU = Release|Any CPU
	EndGlobalSection
	GlobalSection(ProjectConfigurationPlatforms) = postSolution
		{77AF033A-8E3A-441A-B0E2-73705C1243A6}.Debug|Any CPU.ActiveCfg = Debug|Any CPU
		{77AF033A-8E3A-441A-B0E2-73705C1243A6}.Debug|Any CPU.Build.0 = Debug|Any CPU
		{77AF033A-8E3A-441A-B0E2-73705C1243A6}.Release|Any CPU.ActiveCfg = Release|Any CPU
		{77AF033A-8E3A-441A-B0E2-73705C1243A6}.Release|Any CPU.Build.0 = Release|Any CPU
		{AB8070CB-6499-4358-B02C-C2C0542C7C81}.Debug|Any CPU.ActiveCfg = Debug|Any CPU
		{AB8070CB-6499-4358-B02C-C2C0542C7C81}.Debug|Any CPU.Build.0 = Debug|Any CPU
		{AB8070CB-6499-4358-B02C-C2C0542C7C81}.Release|Any CPU.ActiveCfg = Release|Any CPU
		{AB8070CB-6499-4358-B02C-C2C0542C7C81}.Release|Any CPU.Build.0 = Release|Any CPU
		{6395FFDA-758A-420B-9870-C903182F94B7}.Debug|Any CPU.ActiveCfg = Debug|Any CPU
		{6395FFDA-758A-420B-9870-C903182F94B7}.Debug|Any CPU.Build.0 = Debug|Any CPU
		{6395FFDA-758A-420B-9870-C903182F94B7}.Release|Any CPU.ActiveCfg = Release|Any CPU
		{6395FFDA-758A-420B-9870-C903182F94B7}.Release|Any CPU.Build.0 = Release|Any CPU
	EndGlobalSection
	GlobalSection(SolutionProperties) = preSolution
		HideSolutionNode = FALSE
	EndGlobalSection
	GlobalSection(ExtensibilityGlobals) = postSolution
		SolutionGuid = {4C5B42E8-2156-4740-ACB0-7126DC093774}
	EndGlobalSection
EndGlobal
